{
  "version": "4",
  "specifiers": {
    "jsr:@bgub/eta@^4.5.0": "4.5.0",
    "jsr:@cliffy/ansi@1.0.0-rc.8": "1.0.0-rc.8",
    "jsr:@cliffy/internal@1.0.0-rc.8": "1.0.0-rc.8",
    "jsr:@cliffy/keycode@1.0.0-rc.8": "1.0.0-rc.8",
    "jsr:@cliffy/prompt@^1.0.0-rc.5": "1.0.0-rc.8",
    "jsr:@denops/core@^8.0.1": "8.0.1",
    "jsr:@denops/std@~8.1.1": "8.1.1",
    "jsr:@gunshi/gunshi@~0.27.0-beta.6": "0.27.0-beta.6",
    "jsr:@shougo/dpp-vim@5.1": "5.1.0",
    "jsr:@std/assert@1": "1.0.16",
    "jsr:@std/assert@~1.0.6": "1.0.16",
    "jsr:@std/collections@^1.1.3": "1.1.3",
    "jsr:@std/encoding@~1.0.5": "1.0.10",
    "jsr:@std/fmt@^1.0.8": "1.0.8",
    "jsr:@std/fmt@~1.0.2": "1.0.8",
    "jsr:@std/fs@1": "1.0.20",
    "jsr:@std/internal@^1.0.12": "1.0.12",
    "jsr:@std/io@~0.224.9": "0.224.9",
    "jsr:@std/path@1": "1.1.3",
    "jsr:@std/path@^1.1.3": "1.1.3",
    "jsr:@std/path@~1.0.6": "1.0.9",
    "jsr:@std/text@~1.0.7": "1.0.16",
    "jsr:@std/toml@1": "1.0.11",
    "npm:@gunshi/docs@0.27": "0.27.0",
    "npm:@gunshi/plugin-global@0.27.0-beta.6": "0.27.0-beta.6",
    "npm:@gunshi/plugin-i18n@0.27.0-beta.6": "0.27.0-beta.6_@gunshi+plugin-global@0.27.0-beta.6",
    "npm:@gunshi/plugin-renderer@0.27.0-beta.6": "0.27.0-beta.6_@gunshi+plugin-i18n@0.27.0-beta.6__@gunshi+plugin-global@0.27.0-beta.6_@gunshi+plugin-global@0.27.0-beta.6",
    "npm:@types/node@*": "22.12.0",
    "npm:args-tokens@0.23": "0.23.0"
  },
  "jsr": {
    "@bgub/eta@4.5.0": {
      "integrity": "3af12dad33888fddca0fc4330687e4eccc84695ec3abaf069d977281c5384c0f"
    },
    "@cliffy/ansi@1.0.0-rc.8": {
      "integrity": "ba37f10ce55bbfbdd8ddd987f91f029b17bce88385b98ba3058870f3b007b80c",
      "dependencies": [
        "jsr:@cliffy/internal",
        "jsr:@std/encoding",
        "jsr:@std/io"
      ]
    },
    "@cliffy/internal@1.0.0-rc.8": {
      "integrity": "34cdf2fad9b084b5aed493b138d573f52d4e988767215f7460daf0b918ff43d8"
    },
    "@cliffy/keycode@1.0.0-rc.8": {
      "integrity": "76dbf85a67ec0aea2e29ca049b8507b6b3f62a2a971bd744d8d3fc447c177cd9"
    },
    "@cliffy/prompt@1.0.0-rc.8": {
      "integrity": "eba403ea1d47b9971bf2210fa35f4dc7ebd2aba87beec9540ae47552806e2f25",
      "dependencies": [
        "jsr:@cliffy/ansi",
        "jsr:@cliffy/internal",
        "jsr:@cliffy/keycode",
        "jsr:@std/assert@~1.0.6",
        "jsr:@std/fmt@~1.0.2",
        "jsr:@std/io",
        "jsr:@std/path@~1.0.6",
        "jsr:@std/text"
      ]
    },
    "@denops/core@8.0.1": {
      "integrity": "699c70b07b2347febb96972c857fb8325ad8efa99936a0a8c0bb2be82a8b8f32"
    },
    "@denops/std@8.1.1": {
      "integrity": "c9817c07c06a6aa2f6c56b56da4b1679daa59169ed78b147ef28cee75ef4aa20",
      "dependencies": [
        "jsr:@denops/core"
      ]
    },
    "@gunshi/gunshi@0.27.0-beta.6": {
      "integrity": "031e128230203650683ae9ebb1e543c2068886e2b360f84f921d1dc505093c0a",
      "dependencies": [
        "npm:@gunshi/plugin-global",
        "npm:@gunshi/plugin-i18n",
        "npm:@gunshi/plugin-renderer",
        "npm:args-tokens"
      ]
    },
    "@shougo/dpp-vim@5.1.0": {
      "integrity": "30a688a0c392052ed544f2b61036769f0b8b37a22dce6016931ec362ac0cb005",
      "dependencies": [
        "jsr:@denops/std"
      ]
    },
    "@std/assert@1.0.16": {
      "integrity": "6a7272ed1eaa77defe76e5ff63ca705d9c495077e2d5fd0126d2b53fc5bd6532",
      "dependencies": [
        "jsr:@std/internal"
      ]
    },
    "@std/collections@1.1.3": {
      "integrity": "bf8b0818886df6a32b64c7d3b037a425111f28278d69fd0995aeb62777c986b0"
    },
    "@std/encoding@1.0.10": {
      "integrity": "8783c6384a2d13abd5e9e87a7ae0520a30e9f56aeeaa3bdf910a3eaaf5c811a1"
    },
    "@std/fmt@1.0.8": {
      "integrity": "71e1fc498787e4434d213647a6e43e794af4fd393ef8f52062246e06f7e372b7"
    },
    "@std/fs@1.0.20": {
      "integrity": "e953206aae48d46ee65e8783ded459f23bec7dd1f3879512911c35e5484ea187",
      "dependencies": [
        "jsr:@std/internal",
        "jsr:@std/path@^1.1.3"
      ]
    },
    "@std/internal@1.0.12": {
      "integrity": "972a634fd5bc34b242024402972cd5143eac68d8dffaca5eaa4dba30ce17b027"
    },
    "@std/io@0.224.9": {
      "integrity": "4414664b6926f665102e73c969cfda06d2c4c59bd5d0c603fd4f1b1c840d6ee3"
    },
    "@std/path@1.0.9": {
      "integrity": "260a49f11edd3db93dd38350bf9cd1b4d1366afa98e81b86167b4e3dd750129e"
    },
    "@std/path@1.1.3": {
      "integrity": "b015962d82a5e6daea980c32b82d2c40142149639968549c649031a230b1afb3",
      "dependencies": [
        "jsr:@std/internal"
      ]
    },
    "@std/text@1.0.16": {
      "integrity": "ddb9853b75119a2473857d691cf1ec02ad90793a2e8b4a4ac49d7354281a0cf8"
    },
    "@std/toml@1.0.11": {
      "integrity": "e084988b872ca4bad6aedfb7350f6eeed0e8ba88e9ee5e1590621c5b5bb8f715",
      "dependencies": [
        "jsr:@std/collections"
      ]
    }
  },
  "npm": {
    "@antfu/install-pkg@1.1.0": {
      "integrity": "sha512-MGQsmw10ZyI+EJo45CdSER4zEb+p31LpDAFp2Z3gkSd1yqVZGi0Ebx++YTEMonJy4oChEMLsxZ64j8FH6sSqtQ==",
      "dependencies": [
        "package-manager-detector",
        "tinyexec"
      ]
    },
    "@gunshi/docs@0.27.0": {
      "integrity": "sha512-5353dCkPzAbScCtUO/i2rge0E8BGupeeV/H8kLPHWHHGV9i/K4FRu57RepEgNZ8mag8qn7YFli/kg6HCXPN62g==",
      "dependencies": [
        "@antfu/install-pkg",
        "tinyexec"
      ]
    },
    "@gunshi/plugin-global@0.27.0-beta.6": {
      "integrity": "sha512-sG4m5+l3bg21vlBABKNW7te6pYEvu0sln4V8lu8lU2R5YUrvHh4WrpNDHhjgRFz54zzGrQ1l1cl89aDeUq4MCw==",
      "dependencies": [
        "@gunshi/plugin"
      ]
    },
    "@gunshi/plugin-i18n@0.27.0-beta.6_@gunshi+plugin-global@0.27.0-beta.6": {
      "integrity": "sha512-+/EqLdHoRtnxHxmliayK2SIy+GSackkXibVxEs0kxgKFPPnXc37yQLgkRRqpK3rCcNFsWMpQdyh3c7qtxBObNQ==",
      "dependencies": [
        "@gunshi/plugin",
        "@gunshi/plugin-global"
      ]
    },
    "@gunshi/plugin-renderer@0.27.0-beta.6_@gunshi+plugin-i18n@0.27.0-beta.6__@gunshi+plugin-global@0.27.0-beta.6_@gunshi+plugin-global@0.27.0-beta.6": {
      "integrity": "sha512-RmiMPvYFDKQBg+z6PkDZbBjJ0XxSSxkcDoL6XixF45dq1/ewBcdxp0JBTkTik4n014fcx2ulOeSqsXVYObUoSA==",
      "dependencies": [
        "@gunshi/plugin",
        "@gunshi/plugin-i18n"
      ]
    },
    "@gunshi/plugin@0.27.0-beta.6": {
      "integrity": "sha512-0Q9gTm1K4uY+vEuPCj1C8v1XxHKYSl37MCeho7uTb5ca06tGfc1FL3W3oeJW6yjIeaD7n4P4RKxx8Bm7ZWKy4w=="
    },
    "@types/node@22.12.0": {
      "integrity": "sha512-Fll2FZ1riMjNmlmJOdAyY5pUbkftXslB5DgEzlIuNaiWhXd00FhWxVC/r4yV/4wBb9JfImTu+jiSvXTkJ7F/gA==",
      "dependencies": [
        "undici-types"
      ]
    },
    "args-tokens@0.23.0": {
      "integrity": "sha512-VZETsQmpEGO7A9adjfIOTyZuxKzurUas9kh1Hm0WGhFq8dOyw50P6OjiTwKyURwnmDabw0DbFjI+BUucJfCtnQ=="
    },
    "package-manager-detector@1.6.0": {
      "integrity": "sha512-61A5ThoTiDG/C8s8UMZwSorAGwMJ0ERVGj2OjoW5pAalsNOg15+iQiPzrLJ4jhZ1HJzmC2PIHT2oEiH3R5fzNA=="
    },
    "tinyexec@1.0.2": {
      "integrity": "sha512-W/KYk+NFhkmsYpuHq5JykngiOCnxeVL8v8dFnqxSD8qEEdRfXk1SDM6JzNqcERbcGYj9tMrDQBYV9cjgnunFIg=="
    },
    "undici-types@6.20.0": {
      "integrity": "sha512-Ny6QZ2Nju20vw1SRHe3d9jVu6gJ+4e3+MMpqu7pqE5HT6WsTSlce++GQmK5UXS8mzV8DSYHrQH+Xrf2jVcuKNg=="
    }
  },
  "workspace": {
    "dependencies": [
      "jsr:@bgub/eta@^4.5.0",
      "jsr:@cliffy/prompt@^1.0.0-rc.5",
      "jsr:@gunshi/gunshi@~0.27.0-beta.6",
      "jsr:@shougo/dpp-vim@5.1",
      "jsr:@std/assert@1",
      "jsr:@std/fmt@^1.0.8",
      "jsr:@std/fs@1",
      "jsr:@std/path@1",
      "jsr:@std/toml@1",
      "npm:@gunshi/docs@0.27"
    ]
  }
}
