{
  "version": "5",
  "specifiers": {
    "jsr:@bgub/eta@^4.6.0": "4.6.0",
    "jsr:@cliffy/ansi@1.2.1": "1.2.1",
    "jsr:@cliffy/internal@1.2.1": "1.2.1",
    "jsr:@cliffy/keycode@1.2.1": "1.2.1",
    "jsr:@cliffy/prompt@^1.2.1": "1.2.1",
    "jsr:@core/unknownutil@^4.3.0": "4.3.0",
    "jsr:@deno/cache-dir@~0.13.2": "0.13.2",
    "jsr:@deno/graph@~0.73.1": "0.73.1",
    "jsr:@deno/graph@~0.96.2": "0.96.2",
    "jsr:@denops/core@^8.0.1": "8.0.1",
    "jsr:@denops/std@8.2": "8.2.0",
    "jsr:@gunshi/gunshi@~0.37.1": "0.37.1",
    "jsr:@lambdalisue/import-map-importer@~0.5.1": "0.5.1",
    "jsr:@shougo/dpp-vim@5.3": "5.3.0",
    "jsr:@std/assert@0.223": "0.223.0",
    "jsr:@std/assert@1.0.19": "1.0.19",
    "jsr:@std/assert@^1.0.19": "1.0.19",
    "jsr:@std/assert@~1.0.7": "1.0.19",
    "jsr:@std/bytes@0.223": "0.223.0",
    "jsr:@std/collections@^1.1.3": "1.3.0",
    "jsr:@std/crypto@^1.0.5": "1.1.0",
    "jsr:@std/encoding@^1.0.10": "1.0.11",
    "jsr:@std/fmt@0.223": "0.223.0",
    "jsr:@std/fmt@^1.0.10": "1.0.10",
    "jsr:@std/fs@0.223": "0.223.0",
    "jsr:@std/fs@^1.0.1": "1.0.24",
    "jsr:@std/fs@^1.0.24": "1.0.24",
    "jsr:@std/internal@^1.0.12": "1.0.14",
    "jsr:@std/internal@^1.0.14": "1.0.14",
    "jsr:@std/io@0.223": "0.223.0",
    "jsr:@std/io@~0.225.3": "0.225.3",
    "jsr:@std/path@0.223": "0.223.0",
    "jsr:@std/path@1.1": "1.1.6",
    "jsr:@std/path@^1.0.1": "1.1.6",
    "jsr:@std/path@^1.1.5": "1.1.6",
    "jsr:@std/path@^1.1.6": "1.1.6",
    "jsr:@std/text@^1.0.19": "1.0.19",
    "jsr:@std/toml@^1.0.11": "1.0.11",
    "npm:@gunshi/docs@~0.37.1": "0.37.1",
    "npm:@gunshi/plugin-global@0.37.1": "0.37.1",
    "npm:@gunshi/plugin-i18n@0.37.1": "0.37.1_@gunshi+plugin-global@0.37.1",
    "npm:@gunshi/plugin-renderer@0.37.1": "0.37.1_@gunshi+plugin-i18n@0.37.1_@gunshi+plugin-global@0.37.1",
    "npm:args-tokens@~0.28.1": "0.28.1",
    "npm:std-env@^4.1.0": "4.2.0"
  },
  "jsr": {
    "@bgub/eta@4.6.0": {
      "integrity": "fe872004cd6c64ca25c7e71fd80bbbad7d8d552cefd31828bddddb7db0f79eb1"
    },
    "@cliffy/ansi@1.2.1": {
      "integrity": "b8702def9c0110b6eeb2b3b71e0b26cbe0a427facbb4f9c0189da0ba19feb549",
      "dependencies": [
        "jsr:@cliffy/internal",
        "jsr:@std/encoding",
        "jsr:@std/io@~0.225.3"
      ]
    },
    "@cliffy/internal@1.2.1": {
      "integrity": "e398f41c6839d3d4d249c963bfcb1058013091425926d53a3cb482b1ca70684b"
    },
    "@cliffy/keycode@1.2.1": {
      "integrity": "ce0a1e00986054da31bc767274acefdc923338a47e75ad1fc2046a11c87ace16"
    },
    "@cliffy/prompt@1.2.1": {
      "integrity": "e468fae0f52093ff2099f5be0bbc7632348ab82a3b7337b12ddd888aeb5d6eed",
      "dependencies": [
        "jsr:@cliffy/ansi",
        "jsr:@cliffy/internal",
        "jsr:@cliffy/keycode",
        "jsr:@std/assert@^1.0.19",
        "jsr:@std/fmt@^1.0.10",
        "jsr:@std/io@~0.225.3",
        "jsr:@std/path@^1.1.5",
        "jsr:@std/text"
      ]
    },
    "@core/unknownutil@4.3.0": {
      "integrity": "538a3687ffa81028e91d148818047df219663d0da671d906cecd165581ae55cc"
    },
    "@deno/cache-dir@0.13.2": {
      "integrity": "c22419dfe27ab85f345bee487aaaadba498b005cce3644e9d2528db035c5454d",
      "dependencies": [
        "jsr:@deno/graph@~0.73.1",
        "jsr:@std/fmt@0.223",
        "jsr:@std/fs@0.223",
        "jsr:@std/io@0.223",
        "jsr:@std/path@0.223"
      ]
    },
    "@deno/graph@0.73.1": {
      "integrity": "cd69639d2709d479037d5ce191a422eabe8d71bb68b0098344f6b07411c84d41"
    },
    "@deno/graph@0.96.2": {
      "integrity": "db21e52fc5b2850cc5fe92528f4f84dd460c5e40678a6bd23ece5c9c53193090"
    },
    "@denops/core@8.0.1": {
      "integrity": "699c70b07b2347febb96972c857fb8325ad8efa99936a0a8c0bb2be82a8b8f32"
    },
    "@denops/std@8.2.0": {
      "integrity": "6b473515c30a15b3ffe88accf11eabb7ed6210a1042311b563875bb10882f729",
      "dependencies": [
        "jsr:@denops/core"
      ]
    },
    "@gunshi/gunshi@0.37.1": {
      "integrity": "99769d56874e0812f42514b939c7c1b37b74fc0e3e391ace41b4e323be2330b6",
      "dependencies": [
        "npm:@gunshi/plugin-global",
        "npm:@gunshi/plugin-i18n",
        "npm:@gunshi/plugin-renderer",
        "npm:args-tokens",
        "npm:std-env"
      ]
    },
    "@lambdalisue/import-map-importer@0.5.1": {
      "integrity": "e4822500c8619c5cead6003e502d872eaec9d2216b01c72790933996e7ddf696",
      "dependencies": [
        "jsr:@core/unknownutil",
        "jsr:@deno/cache-dir",
        "jsr:@deno/graph@~0.96.2",
        "jsr:@std/crypto",
        "jsr:@std/fs@^1.0.1",
        "jsr:@std/path@^1.0.1"
      ]
    },
    "@shougo/dpp-vim@5.3.0": {
      "integrity": "7d3976592058e2c2e4d3a756f69470b252b8f5256e4ce7b2f5b1fe2dbd3c7db7",
      "dependencies": [
        "jsr:@denops/std",
        "jsr:@lambdalisue/import-map-importer",
        "jsr:@std/assert@~1.0.7",
        "jsr:@std/path@1.1"
      ]
    },
    "@std/assert@0.223.0": {
      "integrity": "eb8d6d879d76e1cc431205bd346ed4d88dc051c6366365b1af47034b0670be24"
    },
    "@std/assert@1.0.19": {
      "integrity": "eaada96ee120cb980bc47e040f82814d786fe8162ecc53c91d8df60b8755991e",
      "dependencies": [
        "jsr:@std/internal@^1.0.12"
      ]
    },
    "@std/bytes@0.223.0": {
      "integrity": "84b75052cd8680942c397c2631318772b295019098f40aac5c36cead4cba51a8"
    },
    "@std/collections@1.3.0": {
      "integrity": "eb36b43d784477ea0b476483ac034a14bdd182aff921c812ecf662a1fcef9498"
    },
    "@std/crypto@1.1.0": {
      "integrity": "b8d6d0a6377a32b213af2661ed7bf1062d94feac0c57def5526a8e74a95c3ec8"
    },
    "@std/encoding@1.0.11": {
      "integrity": "e7cef2f0b3153bccc17431e7c864a1de03a4b6d9647389c43e08aaa775d37385"
    },
    "@std/fmt@0.223.0": {
      "integrity": "6deb37794127dfc7d7bded2586b9fc6f5d50e62a8134846608baf71ffc1a5208"
    },
    "@std/fmt@1.0.10": {
      "integrity": "90dfba288802ac6de82fb31d0917eb9e4450b9925b954d5e51fc29ac07419db5"
    },
    "@std/fs@0.223.0": {
      "integrity": "3b4b0550b2c524cbaaa5a9170c90e96cbb7354e837ad1bdaf15fc9df1ae9c31c"
    },
    "@std/fs@1.0.24": {
      "integrity": "f3061b45b81673a2bece689da041df32d174be064c89eb6397fb5718d3fb7877",
      "dependencies": [
        "jsr:@std/internal@^1.0.14",
        "jsr:@std/path@^1.1.5"
      ]
    },
    "@std/internal@1.0.14": {
      "integrity": "291516b3d4c35024d6ffbc0a9df5bf4c64116e05b50012cf846710152d2ffdf7"
    },
    "@std/io@0.223.0": {
      "integrity": "2d8c3c2ab3a515619b90da2c6ff5ea7b75a94383259ef4d02116b228393f84f1",
      "dependencies": [
        "jsr:@std/assert@0.223",
        "jsr:@std/bytes"
      ]
    },
    "@std/io@0.225.3": {
      "integrity": "27b07b591384d12d7b568f39e61dff966b8230559122df1e9fd11cc068f7ddd1"
    },
    "@std/path@0.223.0": {
      "integrity": "593963402d7e6597f5a6e620931661053572c982fc014000459edc1f93cc3989",
      "dependencies": [
        "jsr:@std/assert@0.223"
      ]
    },
    "@std/path@1.1.6": {
      "integrity": "c68485c2a4dfbb5ae3cc74fae4e8c4e5d874cf8a8ed12927917235c758b46cbe",
      "dependencies": [
        "jsr:@std/internal@^1.0.14"
      ]
    },
    "@std/text@1.0.19": {
      "integrity": "003a0e032d360e8c3a4e0410fb792c77a66bd6553fee9d60c6ec1bce30d29223"
    },
    "@std/toml@1.0.11": {
      "integrity": "e084988b872ca4bad6aedfb7350f6eeed0e8ba88e9ee5e1590621c5b5bb8f715",
      "dependencies": [
        "jsr:@std/collections"
      ]
    }
  },
  "npm": {
    "@antfu/install-pkg@1.1.0": {
      "integrity": "sha512-MGQsmw10ZyI+EJo45CdSER4zEb+p31LpDAFp2Z3gkSd1yqVZGi0Ebx++YTEMonJy4oChEMLsxZ64j8FH6sSqtQ==",
      "dependencies": [
        "package-manager-detector",
        "tinyexec"
      ]
    },
    "@gunshi/docs@0.37.1": {
      "integrity": "sha512-LcLL1ekr8T9177bnEuz7n3f6qeEsupfyVBGSyznQIEKvEFhLleRQeKmA0J/f7EZnMw0aPpafB+Ji5BmDaJ6roQ==",
      "dependencies": [
        "@antfu/install-pkg",
        "tinyexec"
      ],
      "bin": true
    },
    "@gunshi/plugin-global@0.37.1": {
      "integrity": "sha512-GndppCdsIoDxJny6b5dw1hhT8gIpV8GLdK9okwibbsUqQcOhD0Ptz4v+qQxvDnQUuu+z2x2/p/BdXPTxWuoxDw==",
      "dependencies": [
        "@gunshi/plugin"
      ]
    },
    "@gunshi/plugin-i18n@0.37.1_@gunshi+plugin-global@0.37.1": {
      "integrity": "sha512-K5L5IDeaD5JIGEPn4Wcl0cXyPggmmtj4sSQwCsqzAYc30VfJu+BQscoEt7wIoJ3UR6gnjY7BJh5dxGcmBcUvaA==",
      "dependencies": [
        "@gunshi/plugin",
        "@gunshi/plugin-global"
      ],
      "optionalPeers": [
        "@gunshi/plugin-global"
      ]
    },
    "@gunshi/plugin-renderer@0.37.1_@gunshi+plugin-i18n@0.37.1_@gunshi+plugin-global@0.37.1": {
      "integrity": "sha512-G25KDRpw4ki9/jguQJ9Kaq7AntFEofAhIjC7dyKheU/TjMozwSxVzDsceogXyHcYZLvx0+7d4i8oeI5VZiYQRA==",
      "dependencies": [
        "@gunshi/plugin",
        "@gunshi/plugin-i18n"
      ]
    },
    "@gunshi/plugin@0.37.1": {
      "integrity": "sha512-ljjBaL15jCwX6tEtWRdmAQ/y/svGcMZa5mVhMPgXFeQFQ++srK/x5dx8uchQFrE2MTqaFhMMjNK9AQowCyRv9A=="
    },
    "args-tokens@0.28.1": {
      "integrity": "sha512-2L4pJA8XcdRCqkNb5budSdbifzFP0iXexM1rF27kKLp8tWYfzGDV6BaAeBmrU6YLKct3Gt6Kn0njlAogJAdI6w=="
    },
    "package-manager-detector@1.8.0": {
      "integrity": "sha512-yQA4H19AmPEoMUeavPMDIe1higySl/gH/yaQrkT/s07Qp+7pp2hYz30N3z2l5BkjVkF9Ow6o0wjJamm2y7Sn0A=="
    },
    "std-env@4.2.0": {
      "integrity": "sha512-oCUKSupKTHX53EyjDtuZQ64pjLJ6yYCtpmEw0goYxtjG9KpbRe8KAsl2tBUGU9DyMcJ0RwJ8GqJAFzMXcXW1Rw=="
    },
    "tinyexec@1.3.0": {
      "integrity": "sha512-QKAl9m8gWWGHV8jZcPeym6j+XULi6tOf1mT83WYJ4Lk2ytW/uwAWkrP0uFsdoYMdueVJ0qs26wZ+23xeB4ibNQ=="
    }
  },
  "workspace": {
    "dependencies": [
      "jsr:@bgub/eta@^4.6.0",
      "jsr:@cliffy/prompt@^1.2.1",
      "jsr:@gunshi/gunshi@~0.37.1",
      "jsr:@shougo/dpp-vim@5.3",
      "jsr:@std/assert@1.0.19",
      "jsr:@std/fmt@^1.0.10",
      "jsr:@std/fs@^1.0.24",
      "jsr:@std/path@^1.1.6",
      "jsr:@std/toml@^1.0.11",
      "npm:@gunshi/docs@~0.37.1"
    ]
  }
}
